
Microsoft Visual Studio Solution File, Format Version 12.00
Project("{FAE04EC0-301F-11D3-BF4B-00C04F79EFBC}") = "Querying", "Querying\Querying.csproj", "{9FCF092E-7B1E-4277-8F1A-3B6274F3EFBD}"
EndProject
Project("{FAE04EC0-301F-11D3-BF4B-00C04F79EFBC}") = "TestConsole", "TestConsole\TestConsole.csproj", "{B093BA3C-4EEB-40C9-B021-0C1A00481608}"
EndProject
Global
	GlobalSection(SolutionConfigurationPlatforms) = preSolution
		Debug|Any CPU = Debug|Any CPU
		Release|Any CPU = Release|Any CPU
	EndGlobalSection
	GlobalSection(ProjectConfigurationPlatforms) = postSolution
		{9FCF092E-7B1E-4277-8F1A-3B6274F3EFBD}.Debug|Any CPU.ActiveCfg = Debug|Any CPU
		{9FCF092E-7B1E-4277-8F1A-3B6274F3EFBD}.Debug|Any CPU.Build.0 = Debug|Any CPU
		{9FCF092E-7B1E-4277-8F1A-3B6274F3EFBD}.Release|Any CPU.ActiveCfg = Release|Any CPU
		{9FCF092E-7B1E-4277-8F1A-3B6274F3EFBD}.Release|Any CPU.Build.0 = Release|Any CPU
		{B093BA3C-4EEB-40C9-B021-0C1A00481608}.Debug|Any CPU.ActiveCfg = Debug|Any CPU
		{B093BA3C-4EEB-40C9-B021-0C1A00481608}.Debug|Any CPU.Build.0 = Debug|Any CPU
		{B093BA3C-4EEB-40C9-B021-0C1A00481608}.Release|Any CPU.ActiveCfg = Release|Any CPU
		{B093BA3C-4EEB-40C9-B021-0C1A00481608}.Release|Any CPU.Build.0 = Release|Any CPU
	EndGlobalSection
EndGlobal
